
Microsoft Visual Studio Solution File, Format Version 12.00
# Visual Studio Version 17
VisualStudioVersion = 17.2.32630.192
MinimumVisualStudioVersion = 10.0.40219.1
Project("{9A19103F-16F7-4668-BE54-9A1E7A4F7556}") = "AeroStat Beta", "AeroStat Beta\AeroStat Beta.csproj", "{D9A613CE-4056-4F38-B4F7-1564112E701D}"
EndProject
Project("{FAE04EC0-301F-11D3-BF4B-00C04F79EFBC}") = "AeroStat Sharp", "AeroStat Sharp\AeroStat Sharp.csproj", "{1F97950C-53CB-413E-AAF4-7413C9A51902}"
EndProject
Global
	GlobalSection(SolutionConfigurationPlatforms) = preSolution
		Debug|Any CPU = Debug|Any CPU
		Release|Any CPU = Release|Any CPU
	EndGlobalSection
	GlobalSection(ProjectConfigurationPlatforms) = postSolution
		{D9A613CE-4056-4F38-B4F7-1564112E701D}.Debug|Any CPU.ActiveCfg = Debug|Any CPU
		{D9A613CE-4056-4F38-B4F7-1564112E701D}.Debug|Any CPU.Build.0 = Debug|Any CPU
		{D9A613CE-4056-4F38-B4F7-1564112E701D}.Release|Any CPU.ActiveCfg = Release|Any CPU
		{D9A613CE-4056-4F38-B4F7-1564112E701D}.Release|Any CPU.Build.0 = Release|Any CPU
		{1F97950C-53CB-413E-AAF4-7413C9A51902}.Debug|Any CPU.ActiveCfg = Debug|Any CPU
		{1F97950C-53CB-413E-AAF4-7413C9A51902}.Debug|Any CPU.Build.0 = Debug|Any CPU
		{1F97950C-53CB-413E-AAF4-7413C9A51902}.Release|Any CPU.ActiveCfg = Release|Any CPU
		{1F97950C-53CB-413E-AAF4-7413C9A51902}.Release|Any CPU.Build.0 = Release|Any CPU
	EndGlobalSection
	GlobalSection(SolutionProperties) = preSolution
		HideSolutionNode = FALSE
	EndGlobalSection
	GlobalSection(ExtensibilityGlobals) = postSolution
		SolutionGuid = {C7F02089-BFEA-4F33-B1B5-19FCB5636F77}
	EndGlobalSection
EndGlobal
